
Microsoft Visual Studio Solution File, Format Version 12.00
# Visual Studio Version 16
VisualStudioVersion = 16.0.30128.74
MinimumVisualStudioVersion = 10.0.40219.1
Project("{FAE04EC0-301F-11D3-BF4B-00C04F79EFBC}") = "BarSi", "BarSi\BarSi.csproj", "{EBAAAAC0-04E0-49B7-8FB5-0084AF240264}"
EndProject
Global
	GlobalSection(SolutionConfigurationPlatforms) = preSolution
		Debug|Any CPU = Debug|Any CPU
		Release|Any CPU = Release|Any CPU
	EndGlobalSection
	GlobalSection(ProjectConfigurationPlatforms) = postSolution
		{EBAAAAC0-04E0-49B7-8FB5-0084AF240264}.Debug|Any CPU.ActiveCfg = Debug|Any CPU
		{EBAAAAC0-04E0-49B7-8FB5-0084AF240264}.Debug|Any CPU.Build.0 = Debug|Any CPU
		{EBAAAAC0-04E0-49B7-8FB5-0084AF240264}.Release|Any CPU.ActiveCfg = Release|Any CPU
		{EBAAAAC0-04E0-49B7-8FB5-0084AF240264}.Release|Any CPU.Build.0 = Release|Any CPU
	EndGlobalSection
	GlobalSection(SolutionProperties) = preSolution
		HideSolutionNode = FALSE
	EndGlobalSection
	GlobalSection(ExtensibilityGlobals) = postSolution
		SolutionGuid = {34F8DCC3-7C25-4CFC-A0C9-FD8CA65BBB43}
	EndGlobalSection
EndGlobal
